
Microsoft Visual Studio Solution File, Format Version 12.00
# Visual Studio Version 17
VisualStudioVersion = 17.3.32922.545
MinimumVisualStudioVersion = 10.0.40219.1
Project("{8BC9CEB8-8B4A-11D0-8D11-00A0C91BC942}") = "probleme2", "probleme2\probleme2.vcxproj", "{F18817A5-9318-47A8-B326-1FD12770B0F0}"
EndProject
Global
	GlobalSection(SolutionConfigurationPlatforms) = preSolution
		Debug|x64 = Debug|x64
		Debug|x86 = Debug|x86
		Release|x64 = Release|x64
		Release|x86 = Release|x86
	EndGlobalSection
	GlobalSection(ProjectConfigurationPlatforms) = postSolution
		{F18817A5-9318-47A8-B326-1FD12770B0F0}.Debug|x64.ActiveCfg = Debug|x64
		{F18817A5-9318-47A8-B326-1FD12770B0F0}.Debug|x64.Build.0 = Debug|x64
		{F18817A5-9318-47A8-B326-1FD12770B0F0}.Debug|x86.ActiveCfg = Debug|Win32
		{F18817A5-9318-47A8-B326-1FD12770B0F0}.Debug|x86.Build.0 = Debug|Win32
		{F18817A5-9318-47A8-B326-1FD12770B0F0}.Release|x64.ActiveCfg = Release|x64
		{F18817A5-9318-47A8-B326-1FD12770B0F0}.Release|x64.Build.0 = Release|x64
		{F18817A5-9318-47A8-B326-1FD12770B0F0}.Release|x86.ActiveCfg = Release|Win32
		{F18817A5-9318-47A8-B326-1FD12770B0F0}.Release|x86.Build.0 = Release|Win32
	EndGlobalSection
	GlobalSection(SolutionProperties) = preSolution
		HideSolutionNode = FALSE
	EndGlobalSection
	GlobalSection(ExtensibilityGlobals) = postSolution
		SolutionGuid = {C8FBDD8A-01EF-4CF2-88C1-DAB64EC4F604}
	EndGlobalSection
EndGlobal
