
Microsoft Visual Studio Solution File, Format Version 12.00
# Visual Studio Version 17
VisualStudioVersion = 17.3.32922.545
MinimumVisualStudioVersion = 10.0.40219.1
Project("{8BC9CEB8-8B4A-11D0-8D11-00A0C91BC942}") = "fisierele2", "fisierele2\fisierele2.vcxproj", "{B0477829-F0FC-4DA0-8A83-F2E258383551}"
EndProject
Global
	GlobalSection(SolutionConfigurationPlatforms) = preSolution
		Debug|x64 = Debug|x64
		Debug|x86 = Debug|x86
		Release|x64 = Release|x64
		Release|x86 = Release|x86
	EndGlobalSection
	GlobalSection(ProjectConfigurationPlatforms) = postSolution
		{B0477829-F0FC-4DA0-8A83-F2E258383551}.Debug|x64.ActiveCfg = Debug|x64
		{B0477829-F0FC-4DA0-8A83-F2E258383551}.Debug|x64.Build.0 = Debug|x64
		{B0477829-F0FC-4DA0-8A83-F2E258383551}.Debug|x86.ActiveCfg = Debug|Win32
		{B0477829-F0FC-4DA0-8A83-F2E258383551}.Debug|x86.Build.0 = Debug|Win32
		{B0477829-F0FC-4DA0-8A83-F2E258383551}.Release|x64.ActiveCfg = Release|x64
		{B0477829-F0FC-4DA0-8A83-F2E258383551}.Release|x64.Build.0 = Release|x64
		{B0477829-F0FC-4DA0-8A83-F2E258383551}.Release|x86.ActiveCfg = Release|Win32
		{B0477829-F0FC-4DA0-8A83-F2E258383551}.Release|x86.Build.0 = Release|Win32
	EndGlobalSection
	GlobalSection(SolutionProperties) = preSolution
		HideSolutionNode = FALSE
	EndGlobalSection
	GlobalSection(ExtensibilityGlobals) = postSolution
		SolutionGuid = {072C47BE-3A9C-40A2-9FE8-95F8E74939DF}
	EndGlobalSection
EndGlobal
