
Microsoft Visual Studio Solution File, Format Version 12.00
# Visual Studio Version 17
VisualStudioVersion = 17.3.32922.545
MinimumVisualStudioVersion = 10.0.40219.1
Project("{8BC9CEB8-8B4A-11D0-8D11-00A0C91BC942}") = "grilaa", "grilaa\grilaa.vcxproj", "{F5FE4245-2F7B-4423-825F-B351769EE937}"
EndProject
Global
	GlobalSection(SolutionConfigurationPlatforms) = preSolution
		Debug|x64 = Debug|x64
		Debug|x86 = Debug|x86
		Release|x64 = Release|x64
		Release|x86 = Release|x86
	EndGlobalSection
	GlobalSection(ProjectConfigurationPlatforms) = postSolution
		{F5FE4245-2F7B-4423-825F-B351769EE937}.Debug|x64.ActiveCfg = Debug|x64
		{F5FE4245-2F7B-4423-825F-B351769EE937}.Debug|x64.Build.0 = Debug|x64
		{F5FE4245-2F7B-4423-825F-B351769EE937}.Debug|x86.ActiveCfg = Debug|Win32
		{F5FE4245-2F7B-4423-825F-B351769EE937}.Debug|x86.Build.0 = Debug|Win32
		{F5FE4245-2F7B-4423-825F-B351769EE937}.Release|x64.ActiveCfg = Release|x64
		{F5FE4245-2F7B-4423-825F-B351769EE937}.Release|x64.Build.0 = Release|x64
		{F5FE4245-2F7B-4423-825F-B351769EE937}.Release|x86.ActiveCfg = Release|Win32
		{F5FE4245-2F7B-4423-825F-B351769EE937}.Release|x86.Build.0 = Release|Win32
	EndGlobalSection
	GlobalSection(SolutionProperties) = preSolution
		HideSolutionNode = FALSE
	EndGlobalSection
	GlobalSection(ExtensibilityGlobals) = postSolution
		SolutionGuid = {549CEDDC-DCB9-4562-932C-DFF9A2F6A825}
	EndGlobalSection
EndGlobal
