
Microsoft Visual Studio Solution File, Format Version 12.00
# Visual Studio Version 17
VisualStudioVersion = 17.3.32922.545
MinimumVisualStudioVersion = 10.0.40219.1
Project("{FAE04EC0-301F-11D3-BF4B-00C04F79EFBC}") = "gui1.1", "gui1.1\gui1.1.csproj", "{0A969FD9-D0F5-47D2-A22E-1D2FB9417F6F}"
EndProject
Global
	GlobalSection(SolutionConfigurationPlatforms) = preSolution
		Debug|Any CPU = Debug|Any CPU
		Release|Any CPU = Release|Any CPU
	EndGlobalSection
	GlobalSection(ProjectConfigurationPlatforms) = postSolution
		{0A969FD9-D0F5-47D2-A22E-1D2FB9417F6F}.Debug|Any CPU.ActiveCfg = Debug|Any CPU
		{0A969FD9-D0F5-47D2-A22E-1D2FB9417F6F}.Debug|Any CPU.Build.0 = Debug|Any CPU
		{0A969FD9-D0F5-47D2-A22E-1D2FB9417F6F}.Release|Any CPU.ActiveCfg = Release|Any CPU
		{0A969FD9-D0F5-47D2-A22E-1D2FB9417F6F}.Release|Any CPU.Build.0 = Release|Any CPU
	EndGlobalSection
	GlobalSection(SolutionProperties) = preSolution
		HideSolutionNode = FALSE
	EndGlobalSection
	GlobalSection(ExtensibilityGlobals) = postSolution
		SolutionGuid = {050A7124-A861-4AC8-B7D2-560AA4FDB2D8}
	EndGlobalSection
EndGlobal
