
Microsoft Visual Studio Solution File, Format Version 12.00
# Visual Studio Version 17
VisualStudioVersion = 17.3.32922.545
MinimumVisualStudioVersion = 10.0.40219.1
Project("{FAE04EC0-301F-11D3-BF4B-00C04F79EFBC}") = "testapp", "testapp\testapp.csproj", "{C62AF9B4-6CB5-4791-AC4A-1E28E7D92B64}"
EndProject
Global
	GlobalSection(SolutionConfigurationPlatforms) = preSolution
		Debug|Any CPU = Debug|Any CPU
		Release|Any CPU = Release|Any CPU
	EndGlobalSection
	GlobalSection(ProjectConfigurationPlatforms) = postSolution
		{C62AF9B4-6CB5-4791-AC4A-1E28E7D92B64}.Debug|Any CPU.ActiveCfg = Debug|Any CPU
		{C62AF9B4-6CB5-4791-AC4A-1E28E7D92B64}.Debug|Any CPU.Build.0 = Debug|Any CPU
		{C62AF9B4-6CB5-4791-AC4A-1E28E7D92B64}.Release|Any CPU.ActiveCfg = Release|Any CPU
		{C62AF9B4-6CB5-4791-AC4A-1E28E7D92B64}.Release|Any CPU.Build.0 = Release|Any CPU
	EndGlobalSection
	GlobalSection(SolutionProperties) = preSolution
		HideSolutionNode = FALSE
	EndGlobalSection
	GlobalSection(ExtensibilityGlobals) = postSolution
		SolutionGuid = {D7B2B5FC-C630-4324-9472-3C845F5B4644}
	EndGlobalSection
EndGlobal
